// !$*UTF8*$!
{
	archiveVersion = 1;
	classes = {
	};
	objectVersion = 55;
	objects = {

/* Begin PBXBuildFile section */
		6803A3CA274B9C3D00DC770C /* MainViewModel.swift in Sources */ = {isa = PBXBuildFile; fileRef = 6803A3C9274B9C3D00DC770C /* MainViewModel.swift */; };
		6803A3CC274B9D8800DC770C /* User.swift in Sources */ = {isa = PBXBuildFile; fileRef = 6803A3CB274B9D8800DC770C /* User.swift */; };
		68122CA4271C2359000CCD38 /* LoginViewModel.swift in Sources */ = {isa = PBXBuildFile; fileRef = 68122CA3271C2359000CCD38 /* LoginViewModel.swift */; };
		6831B75D2727159700EFF1FF /* CalendarViewModel.swift in Sources */ = {isa = PBXBuildFile; fileRef = 6831B75C2727159700EFF1FF /* CalendarViewModel.swift */; };
		684BB809277B174A006DF6FD /* UserListView.swift in Sources */ = {isa = PBXBuildFile; fileRef = 684BB808277B174A006DF6FD /* UserListView.swift */; };
		684BB80B277B19D3006DF6FD /* UserListViewModel.swift in Sources */ = {isa = PBXBuildFile; fileRef = 684BB80A277B19D3006DF6FD /* UserListViewModel.swift */; };
		68667B35273EDC28003184E7 /* Task.swift in Sources */ = {isa = PBXBuildFile; fileRef = 68667B34273EDC28003184E7 /* Task.swift */; };
		68667B39273F0464003184E7 /* TaskListViewModel.swift in Sources */ = {isa = PBXBuildFile; fileRef = 68667B38273F0464003184E7 /* TaskListViewModel.swift */; };
		6866B26C2716D76D0045C250 /* GoogleService-Info.plist in Resources */ = {isa = PBXBuildFile; fileRef = 6866B26B2716D76D0045C250 /* GoogleService-Info.plist */; };
		68745C852731326500C3C27A /* DateValue.swift in Sources */ = {isa = PBXBuildFile; fileRef = 68745C842731326500C3C27A /* DateValue.swift */; };
		6899DC0D2734163D00B98FC0 /* TaskListView.swift in Sources */ = {isa = PBXBuildFile; fileRef = 6899DC0C2734163D00B98FC0 /* TaskListView.swift */; };
		689E224727132CC80018F720 /* ShiftApp.swift in Sources */ = {isa = PBXBuildFile; fileRef = 689E224627132CC80018F720 /* ShiftApp.swift */; };
		689E224927132CC80018F720 /* LoginView.swift in Sources */ = {isa = PBXBuildFile; fileRef = 689E224827132CC80018F720 /* LoginView.swift */; };
		689E224B27132CCA0018F720 /* Assets.xcassets in Resources */ = {isa = PBXBuildFile; fileRef = 689E224A27132CCA0018F720 /* Assets.xcassets */; };
		689E224E27132CCA0018F720 /* Preview Assets.xcassets in Resources */ = {isa = PBXBuildFile; fileRef = 689E224D27132CCA0018F720 /* Preview Assets.xcassets */; };
		68A1BA0B272C3D6C007B19E9 /* Shift.swift in Sources */ = {isa = PBXBuildFile; fileRef = 68A1BA0A272C3D6C007B19E9 /* Shift.swift */; };
		68A1BA0D272C3FCF007B19E9 /* Constants.swift in Sources */ = {isa = PBXBuildFile; fileRef = 68A1BA0C272C3FCF007B19E9 /* Constants.swift */; };
		68ABDAE7275B789400A23482 /* ShiftViewModel.swift in Sources */ = {isa = PBXBuildFile; fileRef = 68ABDAE6275B789400A23482 /* ShiftViewModel.swift */; };
		68AEC999271DE2820063B5EE /* CalendarView.swift in Sources */ = {isa = PBXBuildFile; fileRef = 68AEC998271DE2820063B5EE /* CalendarView.swift */; };
		68B01CBD2716CDFC009A3728 /* MainView.swift in Sources */ = {isa = PBXBuildFile; fileRef = 68B01CBC2716CDFC009A3728 /* MainView.swift */; };
		68BD8980273F1A0900A48790 /* TaskView.swift in Sources */ = {isa = PBXBuildFile; fileRef = 68BD897F273F1A0900A48790 /* TaskView.swift */; };
		68C9736A276B772C00A5BCAE /* DispositionView.swift in Sources */ = {isa = PBXBuildFile; fileRef = 68C97369276B772C00A5BCAE /* DispositionView.swift */; };
		68C9736C276B780A00A5BCAE /* DispositionViewModel.swift in Sources */ = {isa = PBXBuildFile; fileRef = 68C9736B276B780A00A5BCAE /* DispositionViewModel.swift */; };
		68C9736E276B787E00A5BCAE /* Disposition.swift in Sources */ = {isa = PBXBuildFile; fileRef = 68C9736D276B787E00A5BCAE /* Disposition.swift */; };
		68DD3571277B1F41004DD979 /* UserRole.swift in Sources */ = {isa = PBXBuildFile; fileRef = 68DD3570277B1F41004DD979 /* UserRole.swift */; };
		68DD3573277B27BF004DD979 /* UserViewModel.swift in Sources */ = {isa = PBXBuildFile; fileRef = 68DD3572277B27BF004DD979 /* UserViewModel.swift */; };
		68DD3575277B2864004DD979 /* UserView.swift in Sources */ = {isa = PBXBuildFile; fileRef = 68DD3574277B2864004DD979 /* UserView.swift */; };
		68E6F1392779D94700EDE515 /* Preset.swift in Sources */ = {isa = PBXBuildFile; fileRef = 68E6F1382779D94700EDE515 /* Preset.swift */; };
		68E9A1002754DFDD007F71DD /* TaskViewModel.swift in Sources */ = {isa = PBXBuildFile; fileRef = 68E9A0FF2754DFDD007F71DD /* TaskViewModel.swift */; };
		68E9A1022754E461007F71DD /* ShiftView.swift in Sources */ = {isa = PBXBuildFile; fileRef = 68E9A1012754E461007F71DD /* ShiftView.swift */; };
		68EAC5BE276E5D160096486D /* PersonalDisposition.swift in Sources */ = {isa = PBXBuildFile; fileRef = 68EAC5BD276E5D160096486D /* PersonalDisposition.swift */; };
		D736DA9AA42D46861EA7A877 /* Pods_Shift.framework in Frameworks */ = {isa = PBXBuildFile; fileRef = 5E8B99B755D3635B7349E8FA /* Pods_Shift.framework */; };
/* End PBXBuildFile section */

/* Begin PBXFileReference section */
		5E8B99B755D3635B7349E8FA /* Pods_Shift.framework */ = {isa = PBXFileReference; explicitFileType = wrapper.framework; includeInIndex = 0; path = Pods_Shift.framework; sourceTree = BUILT_PRODUCTS_DIR; };
		658410C08E8972FDE5DB241D /* Pods-Shift.debug.xcconfig */ = {isa = PBXFileReference; includeInIndex = 1; lastKnownFileType = text.xcconfig; name = "Pods-Shift.debug.xcconfig"; path = "Target Support Files/Pods-Shift/Pods-Shift.debug.xcconfig"; sourceTree = "<group>"; };
		6803A3C9274B9C3D00DC770C /* MainViewModel.swift */ = {isa = PBXFileReference; lastKnownFileType = sourcecode.swift; path = MainViewModel.swift; sourceTree = "<group>"; };
		6803A3CB274B9D8800DC770C /* User.swift */ = {isa = PBXFileReference; lastKnownFileType = sourcecode.swift; path = User.swift; sourceTree = "<group>"; };
		68122CA3271C2359000CCD38 /* LoginViewModel.swift */ = {isa = PBXFileReference; lastKnownFileType = sourcecode.swift; path = LoginViewModel.swift; sourceTree = "<group>"; };
		6831B75C2727159700EFF1FF /* CalendarViewModel.swift */ = {isa = PBXFileReference; lastKnownFileType = sourcecode.swift; path = CalendarViewModel.swift; sourceTree = "<group>"; };
		684BB808277B174A006DF6FD /* UserListView.swift */ = {isa = PBXFileReference; lastKnownFileType = sourcecode.swift; path = UserListView.swift; sourceTree = "<group>"; };
		684BB80A277B19D3006DF6FD /* UserListViewModel.swift */ = {isa = PBXFileReference; lastKnownFileType = sourcecode.swift; path = UserListViewModel.swift; sourceTree = "<group>"; };
		68667B34273EDC28003184E7 /* Task.swift */ = {isa = PBXFileReference; lastKnownFileType = sourcecode.swift; path = Task.swift; sourceTree = "<group>"; };
		68667B38273F0464003184E7 /* TaskListViewModel.swift */ = {isa = PBXFileReference; lastKnownFileType = sourcecode.swift; path = TaskListViewModel.swift; sourceTree = "<group>"; };
		6866B26A2716D72C0045C250 /* Info.plist */ = {isa = PBXFileReference; lastKnownFileType = text.plist; path = Info.plist; sourceTree = "<group>"; };
		6866B26B2716D76D0045C250 /* GoogleService-Info.plist */ = {isa = PBXFileReference; fileEncoding = 4; lastKnownFileType = text.plist.xml; path = "GoogleService-Info.plist"; sourceTree = "<group>"; };
		68745C842731326500C3C27A /* DateValue.swift */ = {isa = PBXFileReference; lastKnownFileType = sourcecode.swift; path = DateValue.swift; sourceTree = "<group>"; };
		6899DC0C2734163D00B98FC0 /* TaskListView.swift */ = {isa = PBXFileReference; lastKnownFileType = sourcecode.swift; path = TaskListView.swift; sourceTree = "<group>"; };
		689E224327132CC80018F720 /* Shift.app */ = {isa = PBXFileReference; explicitFileType = wrapper.application; includeInIndex = 0; path = Shift.app; sourceTree = BUILT_PRODUCTS_DIR; };
		689E224627132CC80018F720 /* ShiftApp.swift */ = {isa = PBXFileReference; lastKnownFileType = sourcecode.swift; path = ShiftApp.swift; sourceTree = "<group>"; };
		689E224827132CC80018F720 /* LoginView.swift */ = {isa = PBXFileReference; lastKnownFileType = sourcecode.swift; path = LoginView.swift; sourceTree = "<group>"; };
		689E224A27132CCA0018F720 /* Assets.xcassets */ = {isa = PBXFileReference; lastKnownFileType = folder.assetcatalog; path = Assets.xcassets; sourceTree = "<group>"; };
		689E224D27132CCA0018F720 /* Preview Assets.xcassets */ = {isa = PBXFileReference; lastKnownFileType = folder.assetcatalog; path = "Preview Assets.xcassets"; sourceTree = "<group>"; };
		68A1BA0A272C3D6C007B19E9 /* Shift.swift */ = {isa = PBXFileReference; lastKnownFileType = sourcecode.swift; path = Shift.swift; sourceTree = "<group>"; };
		68A1BA0C272C3FCF007B19E9 /* Constants.swift */ = {isa = PBXFileReference; lastKnownFileType = sourcecode.swift; path = Constants.swift; sourceTree = "<group>"; };
		68ABDAE6275B789400A23482 /* ShiftViewModel.swift */ = {isa = PBXFileReference; lastKnownFileType = sourcecode.swift; path = ShiftViewModel.swift; sourceTree = "<group>"; };
		68AEC998271DE2820063B5EE /* CalendarView.swift */ = {isa = PBXFileReference; lastKnownFileType = sourcecode.swift; path = CalendarView.swift; sourceTree = "<group>"; };
		68B01CBC2716CDFC009A3728 /* MainView.swift */ = {isa = PBXFileReference; lastKnownFileType = sourcecode.swift; path = MainView.swift; sourceTree = "<group>"; };
		68BD897F273F1A0900A48790 /* TaskView.swift */ = {isa = PBXFileReference; lastKnownFileType = sourcecode.swift; path = TaskView.swift; sourceTree = "<group>"; };
		68C97369276B772C00A5BCAE /* DispositionView.swift */ = {isa = PBXFileReference; lastKnownFileType = sourcecode.swift; path = DispositionView.swift; sourceTree = "<group>"; };
		68C9736B276B780A00A5BCAE /* DispositionViewModel.swift */ = {isa = PBXFileReference; lastKnownFileType = sourcecode.swift; path = DispositionViewModel.swift; sourceTree = "<group>"; };
		68C9736D276B787E00A5BCAE /* Disposition.swift */ = {isa = PBXFileReference; lastKnownFileType = sourcecode.swift; path = Disposition.swift; sourceTree = "<group>"; };
		68DD3570277B1F41004DD979 /* UserRole.swift */ = {isa = PBXFileReference; lastKnownFileType = sourcecode.swift; path = UserRole.swift; sourceTree = "<group>"; };
		68DD3572277B27BF004DD979 /* UserViewModel.swift */ = {isa = PBXFileReference; lastKnownFileType = sourcecode.swift; path = UserViewModel.swift; sourceTree = "<group>"; };
		68DD3574277B2864004DD979 /* UserView.swift */ = {isa = PBXFileReference; lastKnownFileType = sourcecode.swift; path = UserView.swift; sourceTree = "<group>"; };
		68E6F1382779D94700EDE515 /* Preset.swift */ = {isa = PBXFileReference; lastKnownFileType = sourcecode.swift; path = Preset.swift; sourceTree = "<group>"; };
		68E9A0FF2754DFDD007F71DD /* TaskViewModel.swift */ = {isa = PBXFileReference; lastKnownFileType = sourcecode.swift; path = TaskViewModel.swift; sourceTree = "<group>"; };
		68E9A1012754E461007F71DD /* ShiftView.swift */ = {isa = PBXFileReference; lastKnownFileType = sourcecode.swift; path = ShiftView.swift; sourceTree = "<group>"; };
		68EAC5BD276E5D160096486D /* PersonalDisposition.swift */ = {isa = PBXFileReference; lastKnownFileType = sourcecode.swift; path = PersonalDisposition.swift; sourceTree = "<group>"; };
		8C0B88B656DCB2242646B7DD /* Pods-Shift.release.xcconfig */ = {isa = PBXFileReference; includeInIndex = 1; lastKnownFileType = text.xcconfig; name = "Pods-Shift.release.xcconfig"; path = "Target Support Files/Pods-Shift/Pods-Shift.release.xcconfig"; sourceTree = "<group>"; };
/* End PBXFileReference section */

/* Begin PBXFrameworksBuildPhase section */
		689E224027132CC80018F720 /* Frameworks */ = {
			isa = PBXFrameworksBuildPhase;
			buildActionMask = 2147483647;
			files = (
				D736DA9AA42D46861EA7A877 /* Pods_Shift.framework in Frameworks */,
			);
			runOnlyForDeploymentPostprocessing = 0;
		};
/* End PBXFrameworksBuildPhase section */

/* Begin PBXGroup section */
		68122CA2271C2333000CCD38 /* ViewModel */ = {
			isa = PBXGroup;
			children = (
				68122CA3271C2359000CCD38 /* LoginViewModel.swift */,
				6831B75C2727159700EFF1FF /* CalendarViewModel.swift */,
				68667B38273F0464003184E7 /* TaskListViewModel.swift */,
				6803A3C9274B9C3D00DC770C /* MainViewModel.swift */,
				68E9A0FF2754DFDD007F71DD /* TaskViewModel.swift */,
				68ABDAE6275B789400A23482 /* ShiftViewModel.swift */,
				68C9736B276B780A00A5BCAE /* DispositionViewModel.swift */,
				684BB80A277B19D3006DF6FD /* UserListViewModel.swift */,
				68DD3572277B27BF004DD979 /* UserViewModel.swift */,
			);
			path = ViewModel;
			sourceTree = "<group>";
		};
		689E223A27132CC80018F720 = {
			isa = PBXGroup;
			children = (
				689E224527132CC80018F720 /* Shift */,
				689E224427132CC80018F720 /* Products */,
				CFE9C6BE1322BB594EA0A0CF /* Pods */,
				DDBED5B6964F6497F664CAB4 /* Frameworks */,
			);
			sourceTree = "<group>";
		};
		689E224427132CC80018F720 /* Products */ = {
			isa = PBXGroup;
			children = (
				689E224327132CC80018F720 /* Shift.app */,
			);
			name = Products;
			sourceTree = "<group>";
		};
		689E224527132CC80018F720 /* Shift */ = {
			isa = PBXGroup;
			children = (
				6866B26A2716D72C0045C250 /* Info.plist */,
				6866B26B2716D76D0045C250 /* GoogleService-Info.plist */,
				68B01CBF2716CF08009A3728 /* Model */,
				68B01CBE2716CEFB009A3728 /* View */,
				68122CA2271C2333000CCD38 /* ViewModel */,
				689E224A27132CCA0018F720 /* Assets.xcassets */,
				68A1BA0C272C3FCF007B19E9 /* Constants.swift */,
				689E224C27132CCA0018F720 /* Preview Content */,
			);
			path = Shift;
			sourceTree = "<group>";
		};
		689E224C27132CCA0018F720 /* Preview Content */ = {
			isa = PBXGroup;
			children = (
				689E224D27132CCA0018F720 /* Preview Assets.xcassets */,
			);
			path = "Preview Content";
			sourceTree = "<group>";
		};
		68B01CBE2716CEFB009A3728 /* View */ = {
			isa = PBXGroup;
			children = (
				689E224627132CC80018F720 /* ShiftApp.swift */,
				68E9A1012754E461007F71DD /* ShiftView.swift */,
				68B01CBC2716CDFC009A3728 /* MainView.swift */,
				689E224827132CC80018F720 /* LoginView.swift */,
				68AEC998271DE2820063B5EE /* CalendarView.swift */,
				6899DC0C2734163D00B98FC0 /* TaskListView.swift */,
				68BD897F273F1A0900A48790 /* TaskView.swift */,
				68C97369276B772C00A5BCAE /* DispositionView.swift */,
				684BB808277B174A006DF6FD /* UserListView.swift */,
				68DD3574277B2864004DD979 /* UserView.swift */,
			);
			path = View;
			sourceTree = "<group>";
		};
		68B01CBF2716CF08009A3728 /* Model */ = {
			isa = PBXGroup;
			children = (
				68A1BA0A272C3D6C007B19E9 /* Shift.swift */,
				68745C842731326500C3C27A /* DateValue.swift */,
				68667B34273EDC28003184E7 /* Task.swift */,
				6803A3CB274B9D8800DC770C /* User.swift */,
				68C9736D276B787E00A5BCAE /* Disposition.swift */,
				68EAC5BD276E5D160096486D /* PersonalDisposition.swift */,
				68E6F1382779D94700EDE515 /* Preset.swift */,
				68DD3570277B1F41004DD979 /* UserRole.swift */,
			);
			path = Model;
			sourceTree = "<group>";
		};
		CFE9C6BE1322BB594EA0A0CF /* Pods */ = {
			isa = PBXGroup;
			children = (
				658410C08E8972FDE5DB241D /* Pods-Shift.debug.xcconfig */,
				8C0B88B656DCB2242646B7DD /* Pods-Shift.release.xcconfig */,
			);
			path = Pods;
			sourceTree = "<group>";
		};
		DDBED5B6964F6497F664CAB4 /* Frameworks */ = {
			isa = PBXGroup;
			children = (
				5E8B99B755D3635B7349E8FA /* Pods_Shift.framework */,
			);
			name = Frameworks;
			sourceTree = "<group>";
		};
/* End PBXGroup section */

/* Begin PBXNativeTarget section */
		689E224227132CC80018F720 /* Shift */ = {
			isa = PBXNativeTarget;
			buildConfigurationList = 689E225127132CCA0018F720 /* Build configuration list for PBXNativeTarget "Shift" */;
			buildPhases = (
				4824AC907D4352636B5157E1 /* [CP] Check Pods Manifest.lock */,
				689E223F27132CC80018F720 /* Sources */,
				689E224027132CC80018F720 /* Frameworks */,
				689E224127132CC80018F720 /* Resources */,
				F5E3CD397F6D5D34562B28E3 /* [CP] Embed Pods Frameworks */,
			);
			buildRules = (
			);
			dependencies = (
			);
			name = Shift;
			productName = Shift;
			productReference = 689E224327132CC80018F720 /* Shift.app */;
			productType = "com.apple.product-type.application";
		};
/* End PBXNativeTarget section */

/* Begin PBXProject section */
		689E223B27132CC80018F720 /* Project object */ = {
			isa = PBXProject;
			attributes = {
				BuildIndependentTargetsInParallel = 1;
				LastSwiftUpdateCheck = 1300;
				LastUpgradeCheck = 1300;
				TargetAttributes = {
					689E224227132CC80018F720 = {
						CreatedOnToolsVersion = 13.0;
					};
				};
			};
			buildConfigurationList = 689E223E27132CC80018F720 /* Build configuration list for PBXProject "Shift" */;
			compatibilityVersion = "Xcode 13.0";
			developmentRegion = en;
			hasScannedForEncodings = 0;
			knownRegions = (
				en,
				Base,
			);
			mainGroup = 689E223A27132CC80018F720;
			productRefGroup = 689E224427132CC80018F720 /* Products */;
			projectDirPath = "";
			projectRoot = "";
			targets = (
				689E224227132CC80018F720 /* Shift */,
			);
		};
/* End PBXProject section */

/* Begin PBXResourcesBuildPhase section */
		689E224127132CC80018F720 /* Resources */ = {
			isa = PBXResourcesBuildPhase;
			buildActionMask = 2147483647;
			files = (
				689E224E27132CCA0018F720 /* Preview Assets.xcassets in Resources */,
				689E224B27132CCA0018F720 /* Assets.xcassets in Resources */,
				6866B26C2716D76D0045C250 /* GoogleService-Info.plist in Resources */,
			);
			runOnlyForDeploymentPostprocessing = 0;
		};
/* End PBXResourcesBuildPhase section */

/* Begin PBXShellScriptBuildPhase section */
		4824AC907D4352636B5157E1 /* [CP] Check Pods Manifest.lock */ = {
			isa = PBXShellScriptBuildPhase;
			buildActionMask = 2147483647;
			files = (
			);
			inputFileListPaths = (
			);
			inputPaths = (
				"${PODS_PODFILE_DIR_PATH}/Podfile.lock",
				"${PODS_ROOT}/Manifest.lock",
			);
			name = "[CP] Check Pods Manifest.lock";
			outputFileListPaths = (
			);
			outputPaths = (
				"$(DERIVED_FILE_DIR)/Pods-Shift-checkManifestLockResult.txt",
			);
			runOnlyForDeploymentPostprocessing = 0;
			shellPath = /bin/sh;
			shellScript = "diff \"${PODS_PODFILE_DIR_PATH}/Podfile.lock\" \"${PODS_ROOT}/Manifest.lock\" > /dev/null\nif [ $? != 0 ] ; then\n    # print error to STDERR\n    echo \"error: The sandbox is not in sync with the Podfile.lock. Run 'pod install' or update your CocoaPods installation.\" >&2\n    exit 1\nfi\n# This output is used by Xcode 'outputs' to avoid re-running this script phase.\necho \"SUCCESS\" > \"${SCRIPT_OUTPUT_FILE_0}\"\n";
			showEnvVarsInLog = 0;
		};
		F5E3CD397F6D5D34562B28E3 /* [CP] Embed Pods Frameworks */ = {
			isa = PBXShellScriptBuildPhase;
			buildActionMask = 2147483647;
			files = (
			);
			inputFileListPaths = (
				"${PODS_ROOT}/Target Support Files/Pods-Shift/Pods-Shift-frameworks-${CONFIGURATION}-input-files.xcfilelist",
			);
			name = "[CP] Embed Pods Frameworks";
			outputFileListPaths = (
				"${PODS_ROOT}/Target Support Files/Pods-Shift/Pods-Shift-frameworks-${CONFIGURATION}-output-files.xcfilelist",
			);
			runOnlyForDeploymentPostprocessing = 0;
			shellPath = /bin/sh;
			shellScript = "\"${PODS_ROOT}/Target Support Files/Pods-Shift/Pods-Shift-frameworks.sh\"\n";
			showEnvVarsInLog = 0;
		};
/* End PBXShellScriptBuildPhase section */

/* Begin PBXSourcesBuildPhase section */
		689E223F27132CC80018F720 /* Sources */ = {
			isa = PBXSourcesBuildPhase;
			buildActionMask = 2147483647;
			files = (
				68DD3571277B1F41004DD979 /* UserRole.swift in Sources */,
				6831B75D2727159700EFF1FF /* CalendarViewModel.swift in Sources */,
				68ABDAE7275B789400A23482 /* ShiftViewModel.swift in Sources */,
				68C9736C276B780A00A5BCAE /* DispositionViewModel.swift in Sources */,
				68667B39273F0464003184E7 /* TaskListViewModel.swift in Sources */,
				68AEC999271DE2820063B5EE /* CalendarView.swift in Sources */,
				68122CA4271C2359000CCD38 /* LoginViewModel.swift in Sources */,
				6899DC0D2734163D00B98FC0 /* TaskListView.swift in Sources */,
				68667B35273EDC28003184E7 /* Task.swift in Sources */,
				68A1BA0B272C3D6C007B19E9 /* Shift.swift in Sources */,
				68E9A1022754E461007F71DD /* ShiftView.swift in Sources */,
				6803A3CA274B9C3D00DC770C /* MainViewModel.swift in Sources */,
				68EAC5BE276E5D160096486D /* PersonalDisposition.swift in Sources */,
				6803A3CC274B9D8800DC770C /* User.swift in Sources */,
				68BD8980273F1A0900A48790 /* TaskView.swift in Sources */,
				689E224927132CC80018F720 /* LoginView.swift in Sources */,
				68B01CBD2716CDFC009A3728 /* MainView.swift in Sources */,
				68745C852731326500C3C27A /* DateValue.swift in Sources */,
				689E224727132CC80018F720 /* ShiftApp.swift in Sources */,
				68C9736A276B772C00A5BCAE /* DispositionView.swift in Sources */,
				684BB809277B174A006DF6FD /* UserListView.swift in Sources */,
				68E9A1002754DFDD007F71DD /* TaskViewModel.swift in Sources */,
				68C9736E276B787E00A5BCAE /* Disposition.swift in Sources */,
				68E6F1392779D94700EDE515 /* Preset.swift in Sources */,
				684BB80B277B19D3006DF6FD /* UserListViewModel.swift in Sources */,
				68DD3573277B27BF004DD979 /* UserViewModel.swift in Sources */,
				68A1BA0D272C3FCF007B19E9 /* Constants.swift in Sources */,
				68DD3575277B2864004DD979 /* UserView.swift in Sources */,
			);
			runOnlyForDeploymentPostprocessing = 0;
		};
/* End PBXSourcesBuildPhase section */

/* Begin XCBuildConfiguration section */
		689E224F27132CCA0018F720 /* Debug */ = {
			isa = XCBuildConfiguration;
			buildSettings = {
				ALWAYS_SEARCH_USER_PATHS = NO;
				CLANG_ANALYZER_NONNULL = YES;
				CLANG_ANALYZER_NUMBER_OBJECT_CONVERSION = YES_AGGRESSIVE;
				CLANG_CXX_LANGUAGE_STANDARD = "gnu++17";
				CLANG_CXX_LIBRARY = "libc++";
				CLANG_ENABLE_MODULES = YES;
				CLANG_ENABLE_OBJC_ARC = YES;
				CLANG_ENABLE_OBJC_WEAK = YES;
				CLANG_WARN_BLOCK_CAPTURE_AUTORELEASING = YES;
				CLANG_WARN_BOOL_CONVERSION = YES;
				CLANG_WARN_COMMA = YES;
				CLANG_WARN_CONSTANT_CONVERSION = YES;
				CLANG_WARN_DEPRECATED_OBJC_IMPLEMENTATIONS = YES;
				CLANG_WARN_DIRECT_OBJC_ISA_USAGE = YES_ERROR;
				CLANG_WARN_DOCUMENTATION_COMMENTS = YES;
				CLANG_WARN_EMPTY_BODY = YES;
				CLANG_WARN_ENUM_CONVERSION = YES;
				CLANG_WARN_INFINITE_RECURSION = YES;
				CLANG_WARN_INT_CONVERSION = YES;
				CLANG_WARN_NON_LITERAL_NULL_CONVERSION = YES;
				CLANG_WARN_OBJC_IMPLICIT_RETAIN_SELF = YES;
				CLANG_WARN_OBJC_LITERAL_CONVERSION = YES;
				CLANG_WARN_OBJC_ROOT_CLASS = YES_ERROR;
				CLANG_WARN_QUOTED_INCLUDE_IN_FRAMEWORK_HEADER = YES;
				CLANG_WARN_RANGE_LOOP_ANALYSIS = YES;
				CLANG_WARN_STRICT_PROTOTYPES = YES;
				CLANG_WARN_SUSPICIOUS_MOVE = YES;
				CLANG_WARN_UNGUARDED_AVAILABILITY = YES_AGGRESSIVE;
				CLANG_WARN_UNREACHABLE_CODE = YES;
				CLANG_WARN__DUPLICATE_METHOD_MATCH = YES;
				COPY_PHASE_STRIP = NO;
				DEBUG_INFORMATION_FORMAT = dwarf;
				ENABLE_STRICT_OBJC_MSGSEND = YES;
				ENABLE_TESTABILITY = YES;
				GCC_C_LANGUAGE_STANDARD = gnu11;
				GCC_DYNAMIC_NO_PIC = NO;
				GCC_NO_COMMON_BLOCKS = YES;
				GCC_OPTIMIZATION_LEVEL = 0;
				GCC_PREPROCESSOR_DEFINITIONS = (
					"DEBUG=1",
					"$(inherited)",
				);
				GCC_WARN_64_TO_32_BIT_CONVERSION = YES;
				GCC_WARN_ABOUT_RETURN_TYPE = YES_ERROR;
				GCC_WARN_UNDECLARED_SELECTOR = YES;
				GCC_WARN_UNINITIALIZED_AUTOS = YES_AGGRESSIVE;
				GCC_WARN_UNUSED_FUNCTION = YES;
				GCC_WARN_UNUSED_VARIABLE = YES;
				IPHONEOS_DEPLOYMENT_TARGET = 15.0;
				MTL_ENABLE_DEBUG_INFO = INCLUDE_SOURCE;
				MTL_FAST_MATH = YES;
				ONLY_ACTIVE_ARCH = YES;
				SDKROOT = iphoneos;
				SWIFT_ACTIVE_COMPILATION_CONDITIONS = DEBUG;
				SWIFT_OPTIMIZATION_LEVEL = "-Onone";
			};
			name = Debug;
		};
		689E225027132CCA0018F720 /* Release */ = {
			isa = XCBuildConfiguration;
			buildSettings = {
				ALWAYS_SEARCH_USER_PATHS = NO;
				CLANG_ANALYZER_NONNULL = YES;
				CLANG_ANALYZER_NUMBER_OBJECT_CONVERSION = YES_AGGRESSIVE;
				CLANG_CXX_LANGUAGE_STANDARD = "gnu++17";
				CLANG_CXX_LIBRARY = "libc++";
				CLANG_ENABLE_MODULES = YES;
				CLANG_ENABLE_OBJC_ARC = YES;
				CLANG_ENABLE_OBJC_WEAK = YES;
				CLANG_WARN_BLOCK_CAPTURE_AUTORELEASING = YES;
				CLANG_WARN_BOOL_CONVERSION = YES;
				CLANG_WARN_COMMA = YES;
				CLANG_WARN_CONSTANT_CONVERSION = YES;
				CLANG_WARN_DEPRECATED_OBJC_IMPLEMENTATIONS = YES;
				CLANG_WARN_DIRECT_OBJC_ISA_USAGE = YES_ERROR;
				CLANG_WARN_DOCUMENTATION_COMMENTS = YES;
				CLANG_WARN_EMPTY_BODY = YES;
				CLANG_WARN_ENUM_CONVERSION = YES;
				CLANG_WARN_INFINITE_RECURSION = YES;
				CLANG_WARN_INT_CONVERSION = YES;
				CLANG_WARN_NON_LITERAL_NULL_CONVERSION = YES;
				CLANG_WARN_OBJC_IMPLICIT_RETAIN_SELF = YES;
				CLANG_WARN_OBJC_LITERAL_CONVERSION = YES;
				CLANG_WARN_OBJC_ROOT_CLASS = YES_ERROR;
				CLANG_WARN_QUOTED_INCLUDE_IN_FRAMEWORK_HEADER = YES;
				CLANG_WARN_RANGE_LOOP_ANALYSIS = YES;
				CLANG_WARN_STRICT_PROTOTYPES = YES;
				CLANG_WARN_SUSPICIOUS_MOVE = YES;
				CLANG_WARN_UNGUARDED_AVAILABILITY = YES_AGGRESSIVE;
				CLANG_WARN_UNREACHABLE_CODE = YES;
				CLANG_WARN__DUPLICATE_METHOD_MATCH = YES;
				COPY_PHASE_STRIP = NO;
				DEBUG_INFORMATION_FORMAT = "dwarf-with-dsym";
				ENABLE_NS_ASSERTIONS = NO;
				ENABLE_STRICT_OBJC_MSGSEND = YES;
				GCC_C_LANGUAGE_STANDARD = gnu11;
				GCC_NO_COMMON_BLOCKS = YES;
				GCC_WARN_64_TO_32_BIT_CONVERSION = YES;
				GCC_WARN_ABOUT_RETURN_TYPE = YES_ERROR;
				GCC_WARN_UNDECLARED_SELECTOR = YES;
				GCC_WARN_UNINITIALIZED_AUTOS = YES_AGGRESSIVE;
				GCC_WARN_UNUSED_FUNCTION = YES;
				GCC_WARN_UNUSED_VARIABLE = YES;
				IPHONEOS_DEPLOYMENT_TARGET = 15.0;
				MTL_ENABLE_DEBUG_INFO = NO;
				MTL_FAST_MATH = YES;
				SDKROOT = iphoneos;
				SWIFT_COMPILATION_MODE = wholemodule;
				SWIFT_OPTIMIZATION_LEVEL = "-O";
				VALIDATE_PRODUCT = YES;
			};
			name = Release;
		};
		689E225227132CCA0018F720 /* Debug */ = {
			isa = XCBuildConfiguration;
			baseConfigurationReference = 658410C08E8972FDE5DB241D /* Pods-Shift.debug.xcconfig */;
			buildSettings = {
				ASSETCATALOG_COMPILER_APPICON_NAME = AppIcon;
				ASSETCATALOG_COMPILER_GLOBAL_ACCENT_COLOR_NAME = AccentColor;
				CODE_SIGN_STYLE = Automatic;
				CURRENT_PROJECT_VERSION = 1;
				DEVELOPMENT_ASSET_PATHS = "\"Shift/Preview Content\"";
				DEVELOPMENT_TEAM = P4BK8322VD;
				ENABLE_PREVIEWS = YES;
				GENERATE_INFOPLIST_FILE = YES;
				INFOPLIST_FILE = Shift/Info.plist;
				INFOPLIST_KEY_UIApplicationSceneManifest_Generation = YES;
				INFOPLIST_KEY_UIApplicationSupportsIndirectInputEvents = YES;
				INFOPLIST_KEY_UILaunchScreen_Generation = YES;
				INFOPLIST_KEY_UISupportedInterfaceOrientations_iPad = "UIInterfaceOrientationPortrait UIInterfaceOrientationPortraitUpsideDown UIInterfaceOrientationLandscapeLeft UIInterfaceOrientationLandscapeRight";
				INFOPLIST_KEY_UISupportedInterfaceOrientations_iPhone = "UIInterfaceOrientationPortrait UIInterfaceOrientationLandscapeLeft UIInterfaceOrientationLandscapeRight";
				IPHONEOS_DEPLOYMENT_TARGET = 15.0;
				LD_RUNPATH_SEARCH_PATHS = (
					"$(inherited)",
					"@executable_path/Frameworks",
				);
				MARKETING_VERSION = 1.0;
				PRODUCT_BUNDLE_IDENTIFIER = pl.cwiertnia.Shift;
				PRODUCT_NAME = "$(TARGET_NAME)";
				SWIFT_EMIT_LOC_STRINGS = YES;
				SWIFT_VERSION = 5.0;
				TARGETED_DEVICE_FAMILY = "1,2";
			};
			name = Debug;
		};
		689E225327132CCA0018F720 /* Release */ = {
			isa = XCBuildConfiguration;
			baseConfigurationReference = 8C0B88B656DCB2242646B7DD /* Pods-Shift.release.xcconfig */;
			buildSettings = {
				ASSETCATALOG_COMPILER_APPICON_NAME = AppIcon;
				ASSETCATALOG_COMPILER_GLOBAL_ACCENT_COLOR_NAME = AccentColor;
				CODE_SIGN_STYLE = Automatic;
				CURRENT_PROJECT_VERSION = 1;
				DEVELOPMENT_ASSET_PATHS = "\"Shift/Preview Content\"";
				DEVELOPMENT_TEAM = P4BK8322VD;
				ENABLE_PREVIEWS = YES;
				GENERATE_INFOPLIST_FILE = YES;
				INFOPLIST_FILE = Shift/Info.plist;
				INFOPLIST_KEY_UIApplicationSceneManifest_Generation = YES;
				INFOPLIST_KEY_UIApplicationSupportsIndirectInputEvents = YES;
				INFOPLIST_KEY_UILaunchScreen_Generation = YES;
				INFOPLIST_KEY_UISupportedInterfaceOrientations_iPad = "UIInterfaceOrientationPortrait UIInterfaceOrientationPortraitUpsideDown UIInterfaceOrientationLandscapeLeft UIInterfaceOrientationLandscapeRight";
				INFOPLIST_KEY_UISupportedInterfaceOrientations_iPhone = "UIInterfaceOrientationPortrait UIInterfaceOrientationLandscapeLeft UIInterfaceOrientationLandscapeRight";
				IPHONEOS_DEPLOYMENT_TARGET = 15.0;
				LD_RUNPATH_SEARCH_PATHS = (
					"$(inherited)",
					"@executable_path/Frameworks",
				);
				MARKETING_VERSION = 1.0;
				PRODUCT_BUNDLE_IDENTIFIER = pl.cwiertnia.Shift;
				PRODUCT_NAME = "$(TARGET_NAME)";
				SWIFT_EMIT_LOC_STRINGS = YES;
				SWIFT_VERSION = 5.0;
				TARGETED_DEVICE_FAMILY = "1,2";
			};
			name = Release;
		};
/* End XCBuildConfiguration section */

/* Begin XCConfigurationList section */
		689E223E27132CC80018F720 /* Build configuration list for PBXProject "Shift" */ = {
			isa = XCConfigurationList;
			buildConfigurations = (
				689E224F27132CCA0018F720 /* Debug */,
				689E225027132CCA0018F720 /* Release */,
			);
			defaultConfigurationIsVisible = 0;
			defaultConfigurationName = Release;
		};
		689E225127132CCA0018F720 /* Build configuration list for PBXNativeTarget "Shift" */ = {
			isa = XCConfigurationList;
			buildConfigurations = (
				689E225227132CCA0018F720 /* Debug */,
				689E225327132CCA0018F720 /* Release */,
			);
			defaultConfigurationIsVisible = 0;
			defaultConfigurationName = Release;
		};
/* End XCConfigurationList section */
	};
	rootObject = 689E223B27132CC80018F720 /* Project object */;
}
